
Microsoft Visual Studio Solution File, Format Version 12.00
# Visual Studio Version 17
VisualStudioVersion = 17.11.35327.3
MinimumVisualStudioVersion = 10.0.40219.1
Project("{9A19103F-16F7-4668-BE54-9A1E7A4F7556}") = "DesafioB3Digitas", "DesafioB3Digitas\DesafioB3Digitas.csproj", "{77749C60-98AC-410F-A2D4-560E1BCBAB06}"
EndProject
Project("{FAE04EC0-301F-11D3-BF4B-00C04F79EFBC}") = "CurrencyIngestion", "CurrencyIngestion\CurrencyIngestion.csproj", "{EDC0CF7E-EE10-4720-82FD-2EFE806E9495}"
EndProject
Project("{FAE04EC0-301F-11D3-BF4B-00C04F79EFBC}") = "CurrencyIngestion.Model", "CurrencyIngestion.Model\CurrencyIngestion.Model.csproj", "{7FFEFE27-93DF-4F5C-AE0A-3F04F6F0F1CD}"
EndProject
Global
	GlobalSection(SolutionConfigurationPlatforms) = preSolution
		Debug|Any CPU = Debug|Any CPU
		Release|Any CPU = Release|Any CPU
	EndGlobalSection
	GlobalSection(ProjectConfigurationPlatforms) = postSolution
		{77749C60-98AC-410F-A2D4-560E1BCBAB06}.Debug|Any CPU.ActiveCfg = Debug|Any CPU
		{77749C60-98AC-410F-A2D4-560E1BCBAB06}.Debug|Any CPU.Build.0 = Debug|Any CPU
		{77749C60-98AC-410F-A2D4-560E1BCBAB06}.Release|Any CPU.ActiveCfg = Release|Any CPU
		{77749C60-98AC-410F-A2D4-560E1BCBAB06}.Release|Any CPU.Build.0 = Release|Any CPU
		{EDC0CF7E-EE10-4720-82FD-2EFE806E9495}.Debug|Any CPU.ActiveCfg = Debug|Any CPU
		{EDC0CF7E-EE10-4720-82FD-2EFE806E9495}.Debug|Any CPU.Build.0 = Debug|Any CPU
		{EDC0CF7E-EE10-4720-82FD-2EFE806E9495}.Release|Any CPU.ActiveCfg = Release|Any CPU
		{EDC0CF7E-EE10-4720-82FD-2EFE806E9495}.Release|Any CPU.Build.0 = Release|Any CPU
		{7FFEFE27-93DF-4F5C-AE0A-3F04F6F0F1CD}.Debug|Any CPU.ActiveCfg = Debug|Any CPU
		{7FFEFE27-93DF-4F5C-AE0A-3F04F6F0F1CD}.Debug|Any CPU.Build.0 = Debug|Any CPU
		{7FFEFE27-93DF-4F5C-AE0A-3F04F6F0F1CD}.Release|Any CPU.ActiveCfg = Release|Any CPU
		{7FFEFE27-93DF-4F5C-AE0A-3F04F6F0F1CD}.Release|Any CPU.Build.0 = Release|Any CPU
	EndGlobalSection
	GlobalSection(SolutionProperties) = preSolution
		HideSolutionNode = FALSE
	EndGlobalSection
	GlobalSection(ExtensibilityGlobals) = postSolution
		SolutionGuid = {E234EE63-48D1-469B-802C-7689B316E478}
	EndGlobalSection
EndGlobal
