
Microsoft Visual Studio Solution File, Format Version 12.00
# Visual Studio Version 17
VisualStudioVersion = 17.11.35327.3
MinimumVisualStudioVersion = 10.0.40219.1
Project("{9A19103F-16F7-4668-BE54-9A1E7A4F7556}") = "CurrencyIngestion.Model", "CurrencyIngestion.Model\CurrencyIngestion.Model.csproj", "{7FFEFE27-93DF-4F5C-AE0A-3F04F6F0F1CD}"
EndProject
Project("{9A19103F-16F7-4668-BE54-9A1E7A4F7556}") = "CurrencyIngestion.Worker", "CurrencyIngestion.Worker\CurrencyIngestion.Worker.csproj", "{FEFE20E5-50DA-40AC-911F-33E33C296BDE}"
EndProject
Project("{9A19103F-16F7-4668-BE54-9A1E7A4F7556}") = "CurrencyIngestion.Data", "CurrencyIngestion.Data\CurrencyIngestion.Data.csproj", "{19A7E63B-C960-4280-A84B-27722A8667B8}"
EndProject
Project("{9A19103F-16F7-4668-BE54-9A1E7A4F7556}") = "CurrencyIngestion.Service", "CurrencyIngestion.Service\CurrencyIngestion.Service.csproj", "{17EEA7E8-AB8F-4F53-91B7-A531FE9A051D}"
EndProject
Project("{2150E333-8FDC-42A3-9474-1A3956D46DE8}") = "Tests", "Tests", "{692C68E8-CAF3-4C00-9AD3-E9AF4872F15C}"
EndProject
Project("{9A19103F-16F7-4668-BE54-9A1E7A4F7556}") = "CurrencyIngestion.Test", "CurrencyIngestion.Test\CurrencyIngestion.Test.csproj", "{21E00B76-E221-45C8-9925-BCCCE97CAE89}"
EndProject
Project("{9A19103F-16F7-4668-BE54-9A1E7A4F7556}") = "CurrencyIngestion.API", "CurrencyIngestion.API\CurrencyIngestion.API.csproj", "{2A86167A-F52E-4E99-B9C8-0DD6ECC191E0}"
EndProject
Project("{9A19103F-16F7-4668-BE54-9A1E7A4F7556}") = "CurrencyIngestion.Common", "CurrencyIngestion.Common\CurrencyIngestion.Common.csproj", "{40181A1D-DD65-423C-A15C-4F395E25A431}"
EndProject
Global
	GlobalSection(SolutionConfigurationPlatforms) = preSolution
		Debug|Any CPU = Debug|Any CPU
		Release|Any CPU = Release|Any CPU
	EndGlobalSection
	GlobalSection(ProjectConfigurationPlatforms) = postSolution
		{7FFEFE27-93DF-4F5C-AE0A-3F04F6F0F1CD}.Debug|Any CPU.ActiveCfg = Debug|Any CPU
		{7FFEFE27-93DF-4F5C-AE0A-3F04F6F0F1CD}.Debug|Any CPU.Build.0 = Debug|Any CPU
		{7FFEFE27-93DF-4F5C-AE0A-3F04F6F0F1CD}.Release|Any CPU.ActiveCfg = Release|Any CPU
		{7FFEFE27-93DF-4F5C-AE0A-3F04F6F0F1CD}.Release|Any CPU.Build.0 = Release|Any CPU
		{FEFE20E5-50DA-40AC-911F-33E33C296BDE}.Debug|Any CPU.ActiveCfg = Debug|Any CPU
		{FEFE20E5-50DA-40AC-911F-33E33C296BDE}.Debug|Any CPU.Build.0 = Debug|Any CPU
		{FEFE20E5-50DA-40AC-911F-33E33C296BDE}.Release|Any CPU.ActiveCfg = Release|Any CPU
		{FEFE20E5-50DA-40AC-911F-33E33C296BDE}.Release|Any CPU.Build.0 = Release|Any CPU
		{19A7E63B-C960-4280-A84B-27722A8667B8}.Debug|Any CPU.ActiveCfg = Debug|Any CPU
		{19A7E63B-C960-4280-A84B-27722A8667B8}.Debug|Any CPU.Build.0 = Debug|Any CPU
		{19A7E63B-C960-4280-A84B-27722A8667B8}.Release|Any CPU.ActiveCfg = Release|Any CPU
		{19A7E63B-C960-4280-A84B-27722A8667B8}.Release|Any CPU.Build.0 = Release|Any CPU
		{17EEA7E8-AB8F-4F53-91B7-A531FE9A051D}.Debug|Any CPU.ActiveCfg = Debug|Any CPU
		{17EEA7E8-AB8F-4F53-91B7-A531FE9A051D}.Debug|Any CPU.Build.0 = Debug|Any CPU
		{17EEA7E8-AB8F-4F53-91B7-A531FE9A051D}.Release|Any CPU.ActiveCfg = Release|Any CPU
		{17EEA7E8-AB8F-4F53-91B7-A531FE9A051D}.Release|Any CPU.Build.0 = Release|Any CPU
		{21E00B76-E221-45C8-9925-BCCCE97CAE89}.Debug|Any CPU.ActiveCfg = Debug|Any CPU
		{21E00B76-E221-45C8-9925-BCCCE97CAE89}.Debug|Any CPU.Build.0 = Debug|Any CPU
		{21E00B76-E221-45C8-9925-BCCCE97CAE89}.Release|Any CPU.ActiveCfg = Release|Any CPU
		{21E00B76-E221-45C8-9925-BCCCE97CAE89}.Release|Any CPU.Build.0 = Release|Any CPU
		{2A86167A-F52E-4E99-B9C8-0DD6ECC191E0}.Debug|Any CPU.ActiveCfg = Debug|Any CPU
		{2A86167A-F52E-4E99-B9C8-0DD6ECC191E0}.Debug|Any CPU.Build.0 = Debug|Any CPU
		{2A86167A-F52E-4E99-B9C8-0DD6ECC191E0}.Release|Any CPU.ActiveCfg = Release|Any CPU
		{2A86167A-F52E-4E99-B9C8-0DD6ECC191E0}.Release|Any CPU.Build.0 = Release|Any CPU
		{40181A1D-DD65-423C-A15C-4F395E25A431}.Debug|Any CPU.ActiveCfg = Debug|Any CPU
		{40181A1D-DD65-423C-A15C-4F395E25A431}.Debug|Any CPU.Build.0 = Debug|Any CPU
		{40181A1D-DD65-423C-A15C-4F395E25A431}.Release|Any CPU.ActiveCfg = Release|Any CPU
		{40181A1D-DD65-423C-A15C-4F395E25A431}.Release|Any CPU.Build.0 = Release|Any CPU
	EndGlobalSection
	GlobalSection(SolutionProperties) = preSolution
		HideSolutionNode = FALSE
	EndGlobalSection
	GlobalSection(NestedProjects) = preSolution
		{21E00B76-E221-45C8-9925-BCCCE97CAE89} = {692C68E8-CAF3-4C00-9AD3-E9AF4872F15C}
	EndGlobalSection
	GlobalSection(ExtensibilityGlobals) = postSolution
		SolutionGuid = {E234EE63-48D1-469B-802C-7689B316E478}
	EndGlobalSection
EndGlobal
